// !$*UTF8*$!
{
	archiveVersion = 1;
	classes = {
	};
	objectVersion = 46;
	objects = {

/* Begin PBXBuildFile section */
		39BC09C73E4F7E4485AC19B9 /* Pods.framework in Frameworks */ = {isa = PBXBuildFile; fileRef = 5CD6A8673BDA525208DDA67C /* Pods.framework */; settings = {ATTRIBUTES = (Weak, ); }; };
		A2BBB0BC1CECFA960059387B /* RxSocialConnect.h in Headers */ = {isa = PBXBuildFile; fileRef = A2BBB0BB1CECFA960059387B /* RxSocialConnect.h */; settings = {ATTRIBUTES = (Public, ); }; };
		A2BBB0C31CECFA960059387B /* RxSocialConnect.framework in Frameworks */ = {isa = PBXBuildFile; fileRef = A2BBB0B81CECFA960059387B /* RxSocialConnect.framework */; };
		A2BBB0C81CECFA960059387B /* RxSocialConnectTests.swift in Sources */ = {isa = PBXBuildFile; fileRef = A2BBB0C71CECFA960059387B /* RxSocialConnectTests.swift */; };
		A2D4437A1CF61E8000BAA70A /* FacebookApi20.swift in Sources */ = {isa = PBXBuildFile; fileRef = A2D443691CF61E8000BAA70A /* FacebookApi20.swift */; };
		A2D4437B1CF61E8000BAA70A /* GoogleApi20.swift in Sources */ = {isa = PBXBuildFile; fileRef = A2D4436A1CF61E8000BAA70A /* GoogleApi20.swift */; };
		A2D4437C1CF61E8000BAA70A /* InstagramApi20.swift in Sources */ = {isa = PBXBuildFile; fileRef = A2D4436B1CF61E8000BAA70A /* InstagramApi20.swift */; };
		A2D4437D1CF61E8000BAA70A /* LinkedinApi20.swift in Sources */ = {isa = PBXBuildFile; fileRef = A2D4436C1CF61E8000BAA70A /* LinkedinApi20.swift */; };
		A2D4437E1CF61E8000BAA70A /* TwitterApi.swift in Sources */ = {isa = PBXBuildFile; fileRef = A2D4436D1CF61E8000BAA70A /* TwitterApi.swift */; };
		A2D4437F1CF61E8000BAA70A /* CustomURLHandler.swift in Sources */ = {isa = PBXBuildFile; fileRef = A2D4436F1CF61E8000BAA70A /* CustomURLHandler.swift */; };
		A2D443801CF61E8000BAA70A /* Disk.swift in Sources */ = {isa = PBXBuildFile; fileRef = A2D443711CF61E8000BAA70A /* Disk.swift */; };
		A2D443811CF61E8000BAA70A /* TokenCache.swift in Sources */ = {isa = PBXBuildFile; fileRef = A2D443721CF61E8000BAA70A /* TokenCache.swift */; };
		A2D443821CF61E8000BAA70A /* NotActiveTokenFoundException.swift in Sources */ = {isa = PBXBuildFile; fileRef = A2D443731CF61E8000BAA70A /* NotActiveTokenFoundException.swift */; };
		A2D443831CF61E8000BAA70A /* ProviderOAuth1.swift in Sources */ = {isa = PBXBuildFile; fileRef = A2D443751CF61E8000BAA70A /* ProviderOAuth1.swift */; };
		A2D443841CF61E8000BAA70A /* ProviderOAuth20.swift in Sources */ = {isa = PBXBuildFile; fileRef = A2D443761CF61E8000BAA70A /* ProviderOAuth20.swift */; };
		A2D443851CF61E8000BAA70A /* RxSocialConnect.swift in Sources */ = {isa = PBXBuildFile; fileRef = A2D443771CF61E8000BAA70A /* RxSocialConnect.swift */; };
		A2D443861CF61E8000BAA70A /* RxSocialConnect+Moya.swift in Sources */ = {isa = PBXBuildFile; fileRef = A2D443791CF61E8000BAA70A /* RxSocialConnect+Moya.swift */; };
		AB8C170CD2A107821D5BFCE8 /* Pods_RxSocialConnectTests.framework in Frameworks */ = {isa = PBXBuildFile; fileRef = 73A93038DA575353AF9BDC20 /* Pods_RxSocialConnectTests.framework */; settings = {ATTRIBUTES = (Weak, ); }; };
/* End PBXBuildFile section */

/* Begin PBXContainerItemProxy section */
		A2BBB0C41CECFA960059387B /* PBXContainerItemProxy */ = {
			isa = PBXContainerItemProxy;
			containerPortal = A2BBB0AF1CECFA960059387B /* Project object */;
			proxyType = 1;
			remoteGlobalIDString = A2BBB0B71CECFA960059387B;
			remoteInfo = RxSocialConnect;
		};
/* End PBXContainerItemProxy section */

/* Begin PBXFileReference section */
		052F0E94CA7BCB14961597FC /* Pods.release.xcconfig */ = {isa = PBXFileReference; includeInIndex = 1; lastKnownFileType = text.xcconfig; name = Pods.release.xcconfig; path = "Pods/Target Support Files/Pods/Pods.release.xcconfig"; sourceTree = "<group>"; };
		19A00DC41C672CDB29715F8A /* Pods-RxSocialConnectTests.debug.xcconfig */ = {isa = PBXFileReference; includeInIndex = 1; lastKnownFileType = text.xcconfig; name = "Pods-RxSocialConnectTests.debug.xcconfig"; path = "Pods/Target Support Files/Pods-RxSocialConnectTests/Pods-RxSocialConnectTests.debug.xcconfig"; sourceTree = "<group>"; };
		5CD6A8673BDA525208DDA67C /* Pods.framework */ = {isa = PBXFileReference; explicitFileType = wrapper.framework; includeInIndex = 0; path = Pods.framework; sourceTree = BUILT_PRODUCTS_DIR; };
		73A93038DA575353AF9BDC20 /* Pods_RxSocialConnectTests.framework */ = {isa = PBXFileReference; explicitFileType = wrapper.framework; includeInIndex = 0; path = Pods_RxSocialConnectTests.framework; sourceTree = BUILT_PRODUCTS_DIR; };
		8FBFDBAE54039D0C02607343 /* Pods.debug.xcconfig */ = {isa = PBXFileReference; includeInIndex = 1; lastKnownFileType = text.xcconfig; name = Pods.debug.xcconfig; path = "Pods/Target Support Files/Pods/Pods.debug.xcconfig"; sourceTree = "<group>"; };
		A2BBB0B81CECFA960059387B /* RxSocialConnect.framework */ = {isa = PBXFileReference; explicitFileType = wrapper.framework; includeInIndex = 0; path = RxSocialConnect.framework; sourceTree = BUILT_PRODUCTS_DIR; };
		A2BBB0BB1CECFA960059387B /* RxSocialConnect.h */ = {isa = PBXFileReference; lastKnownFileType = sourcecode.c.h; path = RxSocialConnect.h; sourceTree = "<group>"; };
		A2BBB0BD1CECFA960059387B /* Info.plist */ = {isa = PBXFileReference; lastKnownFileType = text.plist.xml; path = Info.plist; sourceTree = "<group>"; };
		A2BBB0C21CECFA960059387B /* RxSocialConnectTests.xctest */ = {isa = PBXFileReference; explicitFileType = wrapper.cfbundle; includeInIndex = 0; path = RxSocialConnectTests.xctest; sourceTree = BUILT_PRODUCTS_DIR; };
		A2BBB0C71CECFA960059387B /* RxSocialConnectTests.swift */ = {isa = PBXFileReference; lastKnownFileType = sourcecode.swift; path = RxSocialConnectTests.swift; sourceTree = "<group>"; };
		A2BBB0C91CECFA960059387B /* Info.plist */ = {isa = PBXFileReference; lastKnownFileType = text.plist.xml; path = Info.plist; sourceTree = "<group>"; };
		A2D443691CF61E8000BAA70A /* FacebookApi20.swift */ = {isa = PBXFileReference; fileEncoding = 4; lastKnownFileType = sourcecode.swift; path = FacebookApi20.swift; sourceTree = "<group>"; };
		A2D4436A1CF61E8000BAA70A /* GoogleApi20.swift */ = {isa = PBXFileReference; fileEncoding = 4; lastKnownFileType = sourcecode.swift; path = GoogleApi20.swift; sourceTree = "<group>"; };
		A2D4436B1CF61E8000BAA70A /* InstagramApi20.swift */ = {isa = PBXFileReference; fileEncoding = 4; lastKnownFileType = sourcecode.swift; path = InstagramApi20.swift; sourceTree = "<group>"; };
		A2D4436C1CF61E8000BAA70A /* LinkedinApi20.swift */ = {isa = PBXFileReference; fileEncoding = 4; lastKnownFileType = sourcecode.swift; path = LinkedinApi20.swift; sourceTree = "<group>"; };
		A2D4436D1CF61E8000BAA70A /* TwitterApi.swift */ = {isa = PBXFileReference; fileEncoding = 4; lastKnownFileType = sourcecode.swift; path = TwitterApi.swift; sourceTree = "<group>"; };
		A2D4436F1CF61E8000BAA70A /* CustomURLHandler.swift */ = {isa = PBXFileReference; fileEncoding = 4; lastKnownFileType = sourcecode.swift; path = CustomURLHandler.swift; sourceTree = "<group>"; };
		A2D443711CF61E8000BAA70A /* Disk.swift */ = {isa = PBXFileReference; fileEncoding = 4; lastKnownFileType = sourcecode.swift; path = Disk.swift; sourceTree = "<group>"; };
		A2D443721CF61E8000BAA70A /* TokenCache.swift */ = {isa = PBXFileReference; fileEncoding = 4; lastKnownFileType = sourcecode.swift; path = TokenCache.swift; sourceTree = "<group>"; };
		A2D443731CF61E8000BAA70A /* NotActiveTokenFoundException.swift */ = {isa = PBXFileReference; fileEncoding = 4; lastKnownFileType = sourcecode.swift; path = NotActiveTokenFoundException.swift; sourceTree = "<group>"; };
		A2D443751CF61E8000BAA70A /* ProviderOAuth1.swift */ = {isa = PBXFileReference; fileEncoding = 4; lastKnownFileType = sourcecode.swift; path = ProviderOAuth1.swift; sourceTree = "<group>"; };
		A2D443761CF61E8000BAA70A /* ProviderOAuth20.swift */ = {isa = PBXFileReference; fileEncoding = 4; lastKnownFileType = sourcecode.swift; path = ProviderOAuth20.swift; sourceTree = "<group>"; };
		A2D443771CF61E8000BAA70A /* RxSocialConnect.swift */ = {isa = PBXFileReference; fileEncoding = 4; lastKnownFileType = sourcecode.swift; path = RxSocialConnect.swift; sourceTree = "<group>"; };
		A2D443791CF61E8000BAA70A /* RxSocialConnect+Moya.swift */ = {isa = PBXFileReference; fileEncoding = 4; lastKnownFileType = sourcecode.swift; path = "RxSocialConnect+Moya.swift"; sourceTree = "<group>"; };
		D2BEEEE9EF81ED501DC96E20 /* Pods-RxSocialConnectTests.release.xcconfig */ = {isa = PBXFileReference; includeInIndex = 1; lastKnownFileType = text.xcconfig; name = "Pods-RxSocialConnectTests.release.xcconfig"; path = "Pods/Target Support Files/Pods-RxSocialConnectTests/Pods-RxSocialConnectTests.release.xcconfig"; sourceTree = "<group>"; };
/* End PBXFileReference section */

/* Begin PBXFrameworksBuildPhase section */
		A2BBB0B41CECFA960059387B /* Frameworks */ = {
			isa = PBXFrameworksBuildPhase;
			buildActionMask = 2147483647;
			files = (
				39BC09C73E4F7E4485AC19B9 /* Pods.framework in Frameworks */,
			);
			runOnlyForDeploymentPostprocessing = 0;
		};
		A2BBB0BF1CECFA960059387B /* Frameworks */ = {
			isa = PBXFrameworksBuildPhase;
			buildActionMask = 2147483647;
			files = (
				A2BBB0C31CECFA960059387B /* RxSocialConnect.framework in Frameworks */,
				AB8C170CD2A107821D5BFCE8 /* Pods_RxSocialConnectTests.framework in Frameworks */,
			);
			runOnlyForDeploymentPostprocessing = 0;
		};
/* End PBXFrameworksBuildPhase section */

/* Begin PBXGroup section */
		88358EE0A93336488D867002 /* Pods */ = {
			isa = PBXGroup;
			children = (
				8FBFDBAE54039D0C02607343 /* Pods.debug.xcconfig */,
				052F0E94CA7BCB14961597FC /* Pods.release.xcconfig */,
				19A00DC41C672CDB29715F8A /* Pods-RxSocialConnectTests.debug.xcconfig */,
				D2BEEEE9EF81ED501DC96E20 /* Pods-RxSocialConnectTests.release.xcconfig */,
			);
			name = Pods;
			sourceTree = "<group>";
		};
		931374ECD5EF98A31D95FE4A /* Frameworks */ = {
			isa = PBXGroup;
			children = (
				5CD6A8673BDA525208DDA67C /* Pods.framework */,
				73A93038DA575353AF9BDC20 /* Pods_RxSocialConnectTests.framework */,
			);
			name = Frameworks;
			sourceTree = "<group>";
		};
		A2BBB0AE1CECFA960059387B = {
			isa = PBXGroup;
			children = (
				A2BBB0BA1CECFA960059387B /* RxSocialConnect */,
				A2BBB0C61CECFA960059387B /* RxSocialConnectTests */,
				A2BBB0B91CECFA960059387B /* Products */,
				88358EE0A93336488D867002 /* Pods */,
				931374ECD5EF98A31D95FE4A /* Frameworks */,
			);
			sourceTree = "<group>";
		};
		A2BBB0B91CECFA960059387B /* Products */ = {
			isa = PBXGroup;
			children = (
				A2BBB0B81CECFA960059387B /* RxSocialConnect.framework */,
				A2BBB0C21CECFA960059387B /* RxSocialConnectTests.xctest */,
			);
			name = Products;
			sourceTree = "<group>";
		};
		A2BBB0BA1CECFA960059387B /* RxSocialConnect */ = {
			isa = PBXGroup;
			children = (
				A2D443661CF61E8000BAA70A /* Sources */,
				A2BBB0BB1CECFA960059387B /* RxSocialConnect.h */,
				A2BBB0BD1CECFA960059387B /* Info.plist */,
			);
			path = RxSocialConnect;
			sourceTree = "<group>";
		};
		A2BBB0C61CECFA960059387B /* RxSocialConnectTests */ = {
			isa = PBXGroup;
			children = (
				A2BBB0C71CECFA960059387B /* RxSocialConnectTests.swift */,
				A2BBB0C91CECFA960059387B /* Info.plist */,
			);
			path = RxSocialConnectTests;
			sourceTree = "<group>";
		};
		A2D443661CF61E8000BAA70A /* Sources */ = {
			isa = PBXGroup;
			children = (
				A2D443671CF61E8000BAA70A /* Core */,
				A2D443781CF61E8000BAA70A /* Moya */,
			);
			name = Sources;
			path = ../../Sources;
			sourceTree = "<group>";
		};
		A2D443671CF61E8000BAA70A /* Core */ = {
			isa = PBXGroup;
			children = (
				A2D443681CF61E8000BAA70A /* Apis */,
				A2D4436E1CF61E8000BAA70A /* Internal */,
				A2D443731CF61E8000BAA70A /* NotActiveTokenFoundException.swift */,
				A2D443741CF61E8000BAA70A /* Providers */,
				A2D443771CF61E8000BAA70A /* RxSocialConnect.swift */,
			);
			path = Core;
			sourceTree = "<group>";
		};
		A2D443681CF61E8000BAA70A /* Apis */ = {
			isa = PBXGroup;
			children = (
				A2D443691CF61E8000BAA70A /* FacebookApi20.swift */,
				A2D4436A1CF61E8000BAA70A /* GoogleApi20.swift */,
				A2D4436B1CF61E8000BAA70A /* InstagramApi20.swift */,
				A2D4436C1CF61E8000BAA70A /* LinkedinApi20.swift */,
				A2D4436D1CF61E8000BAA70A /* TwitterApi.swift */,
			);
			path = Apis;
			sourceTree = "<group>";
		};
		A2D4436E1CF61E8000BAA70A /* Internal */ = {
			isa = PBXGroup;
			children = (
				A2D4436F1CF61E8000BAA70A /* CustomURLHandler.swift */,
				A2D443701CF61E8000BAA70A /* Persistence */,
			);
			path = Internal;
			sourceTree = "<group>";
		};
		A2D443701CF61E8000BAA70A /* Persistence */ = {
			isa = PBXGroup;
			children = (
				A2D443711CF61E8000BAA70A /* Disk.swift */,
				A2D443721CF61E8000BAA70A /* TokenCache.swift */,
			);
			path = Persistence;
			sourceTree = "<group>";
		};
		A2D443741CF61E8000BAA70A /* Providers */ = {
			isa = PBXGroup;
			children = (
				A2D443751CF61E8000BAA70A /* ProviderOAuth1.swift */,
				A2D443761CF61E8000BAA70A /* ProviderOAuth20.swift */,
			);
			path = Providers;
			sourceTree = "<group>";
		};
		A2D443781CF61E8000BAA70A /* Moya */ = {
			isa = PBXGroup;
			children = (
				A2D443791CF61E8000BAA70A /* RxSocialConnect+Moya.swift */,
			);
			path = Moya;
			sourceTree = "<group>";
		};
/* End PBXGroup section */

/* Begin PBXHeadersBuildPhase section */
		A2BBB0B51CECFA960059387B /* Headers */ = {
			isa = PBXHeadersBuildPhase;
			buildActionMask = 2147483647;
			files = (
				A2BBB0BC1CECFA960059387B /* RxSocialConnect.h in Headers */,
			);
			runOnlyForDeploymentPostprocessing = 0;
		};
/* End PBXHeadersBuildPhase section */

/* Begin PBXNativeTarget section */
		A2BBB0B71CECFA960059387B /* RxSocialConnect */ = {
			isa = PBXNativeTarget;
			buildConfigurationList = A2BBB0CC1CECFA960059387B /* Build configuration list for PBXNativeTarget "RxSocialConnect" */;
			buildPhases = (
				DE973B930F9B01B060981BDA /* Check Pods Manifest.lock */,
				A2BBB0B31CECFA960059387B /* Sources */,
				A2BBB0B41CECFA960059387B /* Frameworks */,
				A2BBB0B51CECFA960059387B /* Headers */,
				A2BBB0B61CECFA960059387B /* Resources */,
				67EE7B14B9B1A88FA59B33E6 /* Copy Pods Resources */,
			);
			buildRules = (
			);
			dependencies = (
			);
			name = RxSocialConnect;
			productName = RxSocialConnect;
			productReference = A2BBB0B81CECFA960059387B /* RxSocialConnect.framework */;
			productType = "com.apple.product-type.framework";
		};
		A2BBB0C11CECFA960059387B /* RxSocialConnectTests */ = {
			isa = PBXNativeTarget;
			buildConfigurationList = A2BBB0CF1CECFA960059387B /* Build configuration list for PBXNativeTarget "RxSocialConnectTests" */;
			buildPhases = (
				B80595F492A7A5233E7020EA /* Check Pods Manifest.lock */,
				A2BBB0BE1CECFA960059387B /* Sources */,
				A2BBB0BF1CECFA960059387B /* Frameworks */,
				A2BBB0C01CECFA960059387B /* Resources */,
				30B2CF43F1075650D825A0CB /* Embed Pods Frameworks */,
				429B14AD6830FA4346B30520 /* Copy Pods Resources */,
			);
			buildRules = (
			);
			dependencies = (
				A2BBB0C51CECFA960059387B /* PBXTargetDependency */,
			);
			name = RxSocialConnectTests;
			productName = RxSocialConnectTests;
			productReference = A2BBB0C21CECFA960059387B /* RxSocialConnectTests.xctest */;
			productType = "com.apple.product-type.bundle.unit-test";
		};
/* End PBXNativeTarget section */

/* Begin PBXProject section */
		A2BBB0AF1CECFA960059387B /* Project object */ = {
			isa = PBXProject;
			attributes = {
				LastSwiftUpdateCheck = 0720;
				LastUpgradeCheck = 0720;
				ORGANIZATIONNAME = "Roberto Frontado";
				TargetAttributes = {
					A2BBB0B71CECFA960059387B = {
						CreatedOnToolsVersion = 7.2;
					};
					A2BBB0C11CECFA960059387B = {
						CreatedOnToolsVersion = 7.2;
					};
				};
			};
			buildConfigurationList = A2BBB0B21CECFA960059387B /* Build configuration list for PBXProject "RxSocialConnect" */;
			compatibilityVersion = "Xcode 3.2";
			developmentRegion = English;
			hasScannedForEncodings = 0;
			knownRegions = (
				en,
			);
			mainGroup = A2BBB0AE1CECFA960059387B;
			productRefGroup = A2BBB0B91CECFA960059387B /* Products */;
			projectDirPath = "";
			projectRoot = "";
			targets = (
				A2BBB0B71CECFA960059387B /* RxSocialConnect */,
				A2BBB0C11CECFA960059387B /* RxSocialConnectTests */,
			);
		};
/* End PBXProject section */

/* Begin PBXResourcesBuildPhase section */
		A2BBB0B61CECFA960059387B /* Resources */ = {
			isa = PBXResourcesBuildPhase;
			buildActionMask = 2147483647;
			files = (
			);
			runOnlyForDeploymentPostprocessing = 0;
		};
		A2BBB0C01CECFA960059387B /* Resources */ = {
			isa = PBXResourcesBuildPhase;
			buildActionMask = 2147483647;
			files = (
			);
			runOnlyForDeploymentPostprocessing = 0;
		};
/* End PBXResourcesBuildPhase section */

/* Begin PBXShellScriptBuildPhase section */
		30B2CF43F1075650D825A0CB /* Embed Pods Frameworks */ = {
			isa = PBXShellScriptBuildPhase;
			buildActionMask = 2147483647;
			files = (
			);
			inputPaths = (
			);
			name = "Embed Pods Frameworks";
			outputPaths = (
			);
			runOnlyForDeploymentPostprocessing = 0;
			shellPath = /bin/sh;
			shellScript = "\"${SRCROOT}/Pods/Target Support Files/Pods-RxSocialConnectTests/Pods-RxSocialConnectTests-frameworks.sh\"\n";
			showEnvVarsInLog = 0;
		};
		429B14AD6830FA4346B30520 /* Copy Pods Resources */ = {
			isa = PBXShellScriptBuildPhase;
			buildActionMask = 2147483647;
			files = (
			);
			inputPaths = (
			);
			name = "Copy Pods Resources";
			outputPaths = (
			);
			runOnlyForDeploymentPostprocessing = 0;
			shellPath = /bin/sh;
			shellScript = "\"${SRCROOT}/Pods/Target Support Files/Pods-RxSocialConnectTests/Pods-RxSocialConnectTests-resources.sh\"\n";
			showEnvVarsInLog = 0;
		};
		67EE7B14B9B1A88FA59B33E6 /* Copy Pods Resources */ = {
			isa = PBXShellScriptBuildPhase;
			buildActionMask = 2147483647;
			files = (
			);
			inputPaths = (
			);
			name = "Copy Pods Resources";
			outputPaths = (
			);
			runOnlyForDeploymentPostprocessing = 0;
			shellPath = /bin/sh;
			shellScript = "\"${SRCROOT}/Pods/Target Support Files/Pods/Pods-resources.sh\"\n";
			showEnvVarsInLog = 0;
		};
		B80595F492A7A5233E7020EA /* Check Pods Manifest.lock */ = {
			isa = PBXShellScriptBuildPhase;
			buildActionMask = 2147483647;
			files = (
			);
			inputPaths = (
			);
			name = "Check Pods Manifest.lock";
			outputPaths = (
			);
			runOnlyForDeploymentPostprocessing = 0;
			shellPath = /bin/sh;
			shellScript = "diff \"${PODS_ROOT}/../Podfile.lock\" \"${PODS_ROOT}/Manifest.lock\" > /dev/null\nif [[ $? != 0 ]] ; then\n    cat << EOM\nerror: The sandbox is not in sync with the Podfile.lock. Run 'pod install' or update your CocoaPods installation.\nEOM\n    exit 1\nfi\n";
			showEnvVarsInLog = 0;
		};
		DE973B930F9B01B060981BDA /* Check Pods Manifest.lock */ = {
			isa = PBXShellScriptBuildPhase;
			buildActionMask = 2147483647;
			files = (
			);
			inputPaths = (
			);
			name = "Check Pods Manifest.lock";
			outputPaths = (
			);
			runOnlyForDeploymentPostprocessing = 0;
			shellPath = /bin/sh;
			shellScript = "diff \"${PODS_ROOT}/../Podfile.lock\" \"${PODS_ROOT}/Manifest.lock\" > /dev/null\nif [[ $? != 0 ]] ; then\n    cat << EOM\nerror: The sandbox is not in sync with the Podfile.lock. Run 'pod install' or update your CocoaPods installation.\nEOM\n    exit 1\nfi\n";
			showEnvVarsInLog = 0;
		};
/* End PBXShellScriptBuildPhase section */

/* Begin PBXSourcesBuildPhase section */
		A2BBB0B31CECFA960059387B /* Sources */ = {
			isa = PBXSourcesBuildPhase;
			buildActionMask = 2147483647;
			files = (
				A2D443811CF61E8000BAA70A /* TokenCache.swift in Sources */,
				A2D443801CF61E8000BAA70A /* Disk.swift in Sources */,
				A2D4437D1CF61E8000BAA70A /* LinkedinApi20.swift in Sources */,
				A2D443851CF61E8000BAA70A /* RxSocialConnect.swift in Sources */,
				A2D4437A1CF61E8000BAA70A /* FacebookApi20.swift in Sources */,
				A2D443831CF61E8000BAA70A /* ProviderOAuth1.swift in Sources */,
				A2D4437E1CF61E8000BAA70A /* TwitterApi.swift in Sources */,
				A2D443821CF61E8000BAA70A /* NotActiveTokenFoundException.swift in Sources */,
				A2D4437C1CF61E8000BAA70A /* InstagramApi20.swift in Sources */,
				A2D443861CF61E8000BAA70A /* RxSocialConnect+Moya.swift in Sources */,
				A2D443841CF61E8000BAA70A /* ProviderOAuth20.swift in Sources */,
				A2D4437B1CF61E8000BAA70A /* GoogleApi20.swift in Sources */,
				A2D4437F1CF61E8000BAA70A /* CustomURLHandler.swift in Sources */,
			);
			runOnlyForDeploymentPostprocessing = 0;
		};
		A2BBB0BE1CECFA960059387B /* Sources */ = {
			isa = PBXSourcesBuildPhase;
			buildActionMask = 2147483647;
			files = (
				A2BBB0C81CECFA960059387B /* RxSocialConnectTests.swift in Sources */,
			);
			runOnlyForDeploymentPostprocessing = 0;
		};
/* End PBXSourcesBuildPhase section */

/* Begin PBXTargetDependency section */
		A2BBB0C51CECFA960059387B /* PBXTargetDependency */ = {
			isa = PBXTargetDependency;
			target = A2BBB0B71CECFA960059387B /* RxSocialConnect */;
			targetProxy = A2BBB0C41CECFA960059387B /* PBXContainerItemProxy */;
		};
/* End PBXTargetDependency section */

/* Begin XCBuildConfiguration section */
		A2BBB0CA1CECFA960059387B /* Debug */ = {
			isa = XCBuildConfiguration;
			buildSettings = {
				ALWAYS_SEARCH_USER_PATHS = NO;
				CLANG_CXX_LANGUAGE_STANDARD = "gnu++0x";
				CLANG_CXX_LIBRARY = "libc++";
				CLANG_ENABLE_MODULES = YES;
				CLANG_ENABLE_OBJC_ARC = YES;
				CLANG_WARN_BOOL_CONVERSION = YES;
				CLANG_WARN_CONSTANT_CONVERSION = YES;
				CLANG_WARN_DIRECT_OBJC_ISA_USAGE = YES_ERROR;
				CLANG_WARN_EMPTY_BODY = YES;
				CLANG_WARN_ENUM_CONVERSION = YES;
				CLANG_WARN_INT_CONVERSION = YES;
				CLANG_WARN_OBJC_ROOT_CLASS = YES_ERROR;
				CLANG_WARN_UNREACHABLE_CODE = YES;
				CLANG_WARN__DUPLICATE_METHOD_MATCH = YES;
				"CODE_SIGN_IDENTITY[sdk=iphoneos*]" = "iPhone Developer";
				COPY_PHASE_STRIP = NO;
				CURRENT_PROJECT_VERSION = 1;
				DEBUG_INFORMATION_FORMAT = dwarf;
				ENABLE_STRICT_OBJC_MSGSEND = YES;
				ENABLE_TESTABILITY = YES;
				GCC_C_LANGUAGE_STANDARD = gnu99;
				GCC_DYNAMIC_NO_PIC = NO;
				GCC_NO_COMMON_BLOCKS = YES;
				GCC_OPTIMIZATION_LEVEL = 0;
				GCC_PREPROCESSOR_DEFINITIONS = (
					"DEBUG=1",
					"$(inherited)",
				);
				GCC_WARN_64_TO_32_BIT_CONVERSION = YES;
				GCC_WARN_ABOUT_RETURN_TYPE = YES_ERROR;
				GCC_WARN_UNDECLARED_SELECTOR = YES;
				GCC_WARN_UNINITIALIZED_AUTOS = YES_AGGRESSIVE;
				GCC_WARN_UNUSED_FUNCTION = YES;
				GCC_WARN_UNUSED_VARIABLE = YES;
				IPHONEOS_DEPLOYMENT_TARGET = 9.2;
				MTL_ENABLE_DEBUG_INFO = YES;
				ONLY_ACTIVE_ARCH = YES;
				SDKROOT = iphoneos;
				SWIFT_OPTIMIZATION_LEVEL = "-Onone";
				TARGETED_DEVICE_FAMILY = "1,2";
				VERSIONING_SYSTEM = "apple-generic";
				VERSION_INFO_PREFIX = "";
			};
			name = Debug;
		};
		A2BBB0CB1CECFA960059387B /* Release */ = {
			isa = XCBuildConfiguration;
			buildSettings = {
				ALWAYS_SEARCH_USER_PATHS = NO;
				CLANG_CXX_LANGUAGE_STANDARD = "gnu++0x";
				CLANG_CXX_LIBRARY = "libc++";
				CLANG_ENABLE_MODULES = YES;
				CLANG_ENABLE_OBJC_ARC = YES;
				CLANG_WARN_BOOL_CONVERSION = YES;
				CLANG_WARN_CONSTANT_CONVERSION = YES;
				CLANG_WARN_DIRECT_OBJC_ISA_USAGE = YES_ERROR;
				CLANG_WARN_EMPTY_BODY = YES;
				CLANG_WARN_ENUM_CONVERSION = YES;
				CLANG_WARN_INT_CONVERSION = YES;
				CLANG_WARN_OBJC_ROOT_CLASS = YES_ERROR;
				CLANG_WARN_UNREACHABLE_CODE = YES;
				CLANG_WARN__DUPLICATE_METHOD_MATCH = YES;
				"CODE_SIGN_IDENTITY[sdk=iphoneos*]" = "iPhone Developer";
				COPY_PHASE_STRIP = NO;
				CURRENT_PROJECT_VERSION = 1;
				DEBUG_INFORMATION_FORMAT = "dwarf-with-dsym";
				ENABLE_NS_ASSERTIONS = NO;
				ENABLE_STRICT_OBJC_MSGSEND = YES;
				GCC_C_LANGUAGE_STANDARD = gnu99;
				GCC_NO_COMMON_BLOCKS = YES;
				GCC_WARN_64_TO_32_BIT_CONVERSION = YES;
				GCC_WARN_ABOUT_RETURN_TYPE = YES_ERROR;
				GCC_WARN_UNDECLARED_SELECTOR = YES;
				GCC_WARN_UNINITIALIZED_AUTOS = YES_AGGRESSIVE;
				GCC_WARN_UNUSED_FUNCTION = YES;
				GCC_WARN_UNUSED_VARIABLE = YES;
				IPHONEOS_DEPLOYMENT_TARGET = 9.2;
				MTL_ENABLE_DEBUG_INFO = NO;
				SDKROOT = iphoneos;
				TARGETED_DEVICE_FAMILY = "1,2";
				VALIDATE_PRODUCT = YES;
				VERSIONING_SYSTEM = "apple-generic";
				VERSION_INFO_PREFIX = "";
			};
			name = Release;
		};
		A2BBB0CD1CECFA960059387B /* Debug */ = {
			isa = XCBuildConfiguration;
			baseConfigurationReference = 8FBFDBAE54039D0C02607343 /* Pods.debug.xcconfig */;
			buildSettings = {
				CLANG_ENABLE_MODULES = YES;
				DEFINES_MODULE = YES;
				DYLIB_COMPATIBILITY_VERSION = 1;
				DYLIB_CURRENT_VERSION = 1;
				DYLIB_INSTALL_NAME_BASE = "@rpath";
				INFOPLIST_FILE = RxSocialConnect/Info.plist;
				INSTALL_PATH = "$(LOCAL_LIBRARY_DIR)/Frameworks";
				LD_RUNPATH_SEARCH_PATHS = "$(inherited) @executable_path/Frameworks @loader_path/Frameworks";
				PRODUCT_BUNDLE_IDENTIFIER = com.fuckboilerplate.RxSocialConnect;
				PRODUCT_NAME = "$(TARGET_NAME)";
				SKIP_INSTALL = YES;
				SWIFT_OPTIMIZATION_LEVEL = "-Onone";
			};
			name = Debug;
		};
		A2BBB0CE1CECFA960059387B /* Release */ = {
			isa = XCBuildConfiguration;
			baseConfigurationReference = 052F0E94CA7BCB14961597FC /* Pods.release.xcconfig */;
			buildSettings = {
				CLANG_ENABLE_MODULES = YES;
				DEFINES_MODULE = YES;
				DYLIB_COMPATIBILITY_VERSION = 1;
				DYLIB_CURRENT_VERSION = 1;
				DYLIB_INSTALL_NAME_BASE = "@rpath";
				INFOPLIST_FILE = RxSocialConnect/Info.plist;
				INSTALL_PATH = "$(LOCAL_LIBRARY_DIR)/Frameworks";
				LD_RUNPATH_SEARCH_PATHS = "$(inherited) @executable_path/Frameworks @loader_path/Frameworks";
				PRODUCT_BUNDLE_IDENTIFIER = com.fuckboilerplate.RxSocialConnect;
				PRODUCT_NAME = "$(TARGET_NAME)";
				SKIP_INSTALL = YES;
			};
			name = Release;
		};
		A2BBB0D01CECFA960059387B /* Debug */ = {
			isa = XCBuildConfiguration;
			baseConfigurationReference = 19A00DC41C672CDB29715F8A /* Pods-RxSocialConnectTests.debug.xcconfig */;
			buildSettings = {
				INFOPLIST_FILE = RxSocialConnectTests/Info.plist;
				LD_RUNPATH_SEARCH_PATHS = "$(inherited) @executable_path/Frameworks @loader_path/Frameworks";
				PRODUCT_BUNDLE_IDENTIFIER = com.fuckboilerplate.RxSocialConnectTests;
				PRODUCT_NAME = "$(TARGET_NAME)";
			};
			name = Debug;
		};
		A2BBB0D11CECFA960059387B /* Release */ = {
			isa = XCBuildConfiguration;
			baseConfigurationReference = D2BEEEE9EF81ED501DC96E20 /* Pods-RxSocialConnectTests.release.xcconfig */;
			buildSettings = {
				INFOPLIST_FILE = RxSocialConnectTests/Info.plist;
				LD_RUNPATH_SEARCH_PATHS = "$(inherited) @executable_path/Frameworks @loader_path/Frameworks";
				PRODUCT_BUNDLE_IDENTIFIER = com.fuckboilerplate.RxSocialConnectTests;
				PRODUCT_NAME = "$(TARGET_NAME)";
			};
			name = Release;
		};
/* End XCBuildConfiguration section */

/* Begin XCConfigurationList section */
		A2BBB0B21CECFA960059387B /* Build configuration list for PBXProject "RxSocialConnect" */ = {
			isa = XCConfigurationList;
			buildConfigurations = (
				A2BBB0CA1CECFA960059387B /* Debug */,
				A2BBB0CB1CECFA960059387B /* Release */,
			);
			defaultConfigurationIsVisible = 0;
			defaultConfigurationName = Release;
		};
		A2BBB0CC1CECFA960059387B /* Build configuration list for PBXNativeTarget "RxSocialConnect" */ = {
			isa = XCConfigurationList;
			buildConfigurations = (
				A2BBB0CD1CECFA960059387B /* Debug */,
				A2BBB0CE1CECFA960059387B /* Release */,
			);
			defaultConfigurationIsVisible = 0;
			defaultConfigurationName = Release;
		};
		A2BBB0CF1CECFA960059387B /* Build configuration list for PBXNativeTarget "RxSocialConnectTests" */ = {
			isa = XCConfigurationList;
			buildConfigurations = (
				A2BBB0D01CECFA960059387B /* Debug */,
				A2BBB0D11CECFA960059387B /* Release */,
			);
			defaultConfigurationIsVisible = 0;
			defaultConfigurationName = Release;
		};
/* End XCConfigurationList section */
	};
	rootObject = A2BBB0AF1CECFA960059387B /* Project object */;
}
